
Microsoft Visual Studio Solution File, Format Version 12.00
# Visual Studio 2013
VisualStudioVersion = 12.0.21005.1
MinimumVisualStudioVersion = 10.0.40219.1
Project("{FAE04EC0-301F-11D3-BF4B-00C04F79EFBC}") = "PBP.TwitterHud.Web", "PBP.TwitterHud.Web\PBP.TwitterHud.Web.csproj", "{F61768AC-D034-44DE-866E-B71E8E91A880}"
EndProject
Project("{FAE04EC0-301F-11D3-BF4B-00C04F79EFBC}") = "PBP.Twitter", "PBP.Twitter\PBP.Twitter.csproj", "{1AF44507-6FF8-413D-BC64-A1DB6BEFEC7E}"
EndProject
Project("{FAE04EC0-301F-11D3-BF4B-00C04F79EFBC}") = "PBP.Twitter.Tests", "PBP.Twitter.Tests\PBP.Twitter.Tests.csproj", "{13D53853-149F-416F-A616-91488F34415A}"
EndProject
Project("{FAE04EC0-301F-11D3-BF4B-00C04F79EFBC}") = "PBP.TwitterHud.AcceptanceTests", "PBP.TwitterHud.AcceptanceTests\PBP.TwitterHud.AcceptanceTests.csproj", "{8DBC89B1-2DFD-4E6E-A6D6-19F03B706FA8}"
EndProject
Project("{2150E333-8FDC-42A3-9474-1A3956D46DE8}") = "Twitter", "Twitter", "{C98524BD-2ED5-4E19-8ADF-0431CB9B6992}"
EndProject
Project("{2150E333-8FDC-42A3-9474-1A3956D46DE8}") = "Web", "Web", "{3832CF49-0413-450A-84BD-A41CA8A6C964}"
EndProject
Project("{2150E333-8FDC-42A3-9474-1A3956D46DE8}") = "AcceptanceTests", "AcceptanceTests", "{518DA645-02B1-4885-B94B-6C3F3257123F}"
EndProject
Project("{FAE04EC0-301F-11D3-BF4B-00C04F79EFBC}") = "PBP.TwitterHub.Web.Tests", "PBP.TwitterHub.Web.Tests\PBP.TwitterHub.Web.Tests.csproj", "{37CAEEBD-3474-4B87-A4CE-6A5DCF8F0525}"
EndProject
Global
	GlobalSection(SolutionConfigurationPlatforms) = preSolution
		Debug|Any CPU = Debug|Any CPU
		Release|Any CPU = Release|Any CPU
	EndGlobalSection
	GlobalSection(ProjectConfigurationPlatforms) = postSolution
		{F61768AC-D034-44DE-866E-B71E8E91A880}.Debug|Any CPU.ActiveCfg = Debug|Any CPU
		{F61768AC-D034-44DE-866E-B71E8E91A880}.Debug|Any CPU.Build.0 = Debug|Any CPU
		{F61768AC-D034-44DE-866E-B71E8E91A880}.Release|Any CPU.ActiveCfg = Release|Any CPU
		{F61768AC-D034-44DE-866E-B71E8E91A880}.Release|Any CPU.Build.0 = Release|Any CPU
		{1AF44507-6FF8-413D-BC64-A1DB6BEFEC7E}.Debug|Any CPU.ActiveCfg = Debug|Any CPU
		{1AF44507-6FF8-413D-BC64-A1DB6BEFEC7E}.Debug|Any CPU.Build.0 = Debug|Any CPU
		{1AF44507-6FF8-413D-BC64-A1DB6BEFEC7E}.Release|Any CPU.ActiveCfg = Release|Any CPU
		{1AF44507-6FF8-413D-BC64-A1DB6BEFEC7E}.Release|Any CPU.Build.0 = Release|Any CPU
		{13D53853-149F-416F-A616-91488F34415A}.Debug|Any CPU.ActiveCfg = Debug|Any CPU
		{13D53853-149F-416F-A616-91488F34415A}.Debug|Any CPU.Build.0 = Debug|Any CPU
		{13D53853-149F-416F-A616-91488F34415A}.Release|Any CPU.ActiveCfg = Release|Any CPU
		{13D53853-149F-416F-A616-91488F34415A}.Release|Any CPU.Build.0 = Release|Any CPU
		{8DBC89B1-2DFD-4E6E-A6D6-19F03B706FA8}.Debug|Any CPU.ActiveCfg = Debug|Any CPU
		{8DBC89B1-2DFD-4E6E-A6D6-19F03B706FA8}.Debug|Any CPU.Build.0 = Debug|Any CPU
		{8DBC89B1-2DFD-4E6E-A6D6-19F03B706FA8}.Release|Any CPU.ActiveCfg = Release|Any CPU
		{8DBC89B1-2DFD-4E6E-A6D6-19F03B706FA8}.Release|Any CPU.Build.0 = Release|Any CPU
		{37CAEEBD-3474-4B87-A4CE-6A5DCF8F0525}.Debug|Any CPU.ActiveCfg = Debug|Any CPU
		{37CAEEBD-3474-4B87-A4CE-6A5DCF8F0525}.Debug|Any CPU.Build.0 = Debug|Any CPU
		{37CAEEBD-3474-4B87-A4CE-6A5DCF8F0525}.Release|Any CPU.ActiveCfg = Release|Any CPU
		{37CAEEBD-3474-4B87-A4CE-6A5DCF8F0525}.Release|Any CPU.Build.0 = Release|Any CPU
	EndGlobalSection
	GlobalSection(SolutionProperties) = preSolution
		HideSolutionNode = FALSE
	EndGlobalSection
	GlobalSection(NestedProjects) = preSolution
		{F61768AC-D034-44DE-866E-B71E8E91A880} = {3832CF49-0413-450A-84BD-A41CA8A6C964}
		{37CAEEBD-3474-4B87-A4CE-6A5DCF8F0525} = {3832CF49-0413-450A-84BD-A41CA8A6C964}
		{13D53853-149F-416F-A616-91488F34415A} = {C98524BD-2ED5-4E19-8ADF-0431CB9B6992}
		{1AF44507-6FF8-413D-BC64-A1DB6BEFEC7E} = {C98524BD-2ED5-4E19-8ADF-0431CB9B6992}
		{8DBC89B1-2DFD-4E6E-A6D6-19F03B706FA8} = {518DA645-02B1-4885-B94B-6C3F3257123F}
	EndGlobalSection
EndGlobal
